PODS:
  - connectivity_plus (0.0.1):
    - Flutter
    - ReachabilitySwift
  - device_info_plus (0.0.1):
    - Flutter
  - Flutter (1.0.0)
  - flutter_bluetooth (0.0.1):
    - Flutter
  - native_channel (1.0.0):
    - Flutter
  - permission_handler_apple (9.1.1):
    - Flutter
  - protocol_ffi (0.0.1):
    - Flutter
  - ReachabilitySwift (5.0.0)
  - webview_flutter_wkwebview (0.0.1):
    - Flutter

DEPENDENCIES:
  - connectivity_plus (from `.symlinks/plugins/connectivity_plus/ios`)
  - device_info_plus (from `.symlinks/plugins/device_info_plus/ios`)
  - Flutter (from `Flutter`)
  - flutter_bluetooth (from `.symlinks/plugins/flutter_bluetooth/ios`)
  - native_channel (from `.symlinks/plugins/native_channel/ios`)
  - permission_handler_apple (from `.symlinks/plugins/permission_handler_apple/ios`)
  - protocol_ffi (from `.symlinks/plugins/protocol_ffi/ios`)
  - webview_flutter_wkwebview (from `.symlinks/plugins/webview_flutter_wkwebview/ios`)

SPEC REPOS:
  trunk:
    - ReachabilitySwift

EXTERNAL SOURCES:
  connectivity_plus:
    :path: ".symlinks/plugins/connectivity_plus/ios"
  device_info_plus:
    :path: ".symlinks/plugins/device_info_plus/ios"
  Flutter:
    :path: Flutter
  flutter_bluetooth:
    :path: ".symlinks/plugins/flutter_bluetooth/ios"
  native_channel:
    :path: ".symlinks/plugins/native_channel/ios"
  permission_handler_apple:
    :path: ".symlinks/plugins/permission_handler_apple/ios"
  protocol_ffi:
    :path: ".symlinks/plugins/protocol_ffi/ios"
  webview_flutter_wkwebview:
    :path: ".symlinks/plugins/webview_flutter_wkwebview/ios"

SPEC CHECKSUMS:
  connectivity_plus: 481668c94744c30c53b8895afb39159d1e619bdf
  device_info_plus: 335f3ce08d2e174b9fdc3db3db0f4e3b1f66bd89
  Flutter: f04841e97a9d0b0a8025694d0796dd46242b2854
  flutter_bluetooth: 9a3b7c9221aff38963591595b347abd2056167c7
  native_channel: 8a98b420cacc9ba8596707e63d7e227868965543
  permission_handler_apple: 3787117e48f80715ff04a3830ca039283d6a4f29
  protocol_ffi: bd880c2b0cdb5868542dc95468c33aa4d67061f9
  ReachabilitySwift: 985039c6f7b23a1da463388634119492ff86c825
  webview_flutter_wkwebview: 75789e80e2ad25e78ac88a17e5c2f82019277c53

PODFILE CHECKSUM: ef19549a9bc3046e7bb7d2fab4d021637c0c58a3

COCOAPODS: 1.16.2
