PODS:
  - connectivity_plus (0.0.1):
    - Flutter
    - ReachabilitySwift
  - device_info_plus (0.0.1):
    - Flutter
  - Flutter (1.0.0)
  - flutter_bluetooth (0.0.1):
    - Flutter
  - native_channel (1.0.0):
    - Flutter
    - ZIPFoundation (~> 0.9.19)
  - permission_handler_apple (9.3.0):
    - Flutter
  - protocol_ffi (0.0.1):
    - Flutter
  - ReachabilitySwift (5.0.0)
  - webview_flutter_wkwebview (0.0.1):
    - Flutter
    - FlutterMacOS
  - ZIPFoundation (0.9.20)

DEPENDENCIES:
  - connectivity_plus (from `.symlinks/plugins/connectivity_plus/ios`)
  - device_info_plus (from `.symlinks/plugins/device_info_plus/ios`)
  - Flutter (from `Flutter`)
  - flutter_bluetooth (from `.symlinks/plugins/flutter_bluetooth/ios`)
  - native_channel (from `.symlinks/plugins/native_channel/ios`)
  - permission_handler_apple (from `.symlinks/plugins/permission_handler_apple/ios`)
  - protocol_ffi (from `.symlinks/plugins/protocol_ffi/ios`)
  - webview_flutter_wkwebview (from `.symlinks/plugins/webview_flutter_wkwebview/darwin`)

SPEC REPOS:
  trunk:
    - ReachabilitySwift
    - ZIPFoundation

EXTERNAL SOURCES:
  connectivity_plus:
    :path: ".symlinks/plugins/connectivity_plus/ios"
  device_info_plus:
    :path: ".symlinks/plugins/device_info_plus/ios"
  Flutter:
    :path: Flutter
  flutter_bluetooth:
    :path: ".symlinks/plugins/flutter_bluetooth/ios"
  native_channel:
    :path: ".symlinks/plugins/native_channel/ios"
  permission_handler_apple:
    :path: ".symlinks/plugins/permission_handler_apple/ios"
  protocol_ffi:
    :path: ".symlinks/plugins/protocol_ffi/ios"
  webview_flutter_wkwebview:
    :path: ".symlinks/plugins/webview_flutter_wkwebview/darwin"

SPEC CHECKSUMS:
  connectivity_plus: bf0076dd84a130856aa636df1c71ccaff908fa1d
  device_info_plus: c6fb39579d0f423935b0c9ce7ee2f44b71b9fce6
  Flutter: e0871f40cf51350855a761d2e70bf5af5b9b5de7
  flutter_bluetooth: b89fe1bdcb81f312e3df9b2ddaecbc3d69285df5
  native_channel: 4c106d5c56fa9947e1df011fa891ee94f6dcdf84
  permission_handler_apple: 9878588469a2b0d0fc1e048d9f43605f92e6cec2
  protocol_ffi: 080e8d65dffd666b5b5170d3f5a42eb2034e644d
  ReachabilitySwift: 985039c6f7b23a1da463388634119492ff86c825
  webview_flutter_wkwebview: a4af96a051138e28e29f60101d094683b9f82188
  ZIPFoundation: dfd3d681c4053ff7e2f7350bc4e53b5dba3f5351

PODFILE CHECKSUM: c4c93c5f6502fe2754f48404d3594bf779584011

COCOAPODS: 1.16.2
